{
  "version": 4,
  "terraform_version": "1.16.1",
  "serial": 31,
  "lineage": "ce5cad55-2f72-a778-c64e-b7d5e42f6721",
  "outputs": {},
  "resources": [
    {
      "module": "module.lxc[\"test_vm\"]",
      "mode": "managed",
      "type": "proxmox_virtual_environment_container",
      "name": "lxc_container",
      "provider": "provider[\"registry.terraform.io/bpg/proxmox\"]",
      "instances": []
    },
    {
      "module": "module.lxc[\"test_vm\"]",
      "mode": "managed",
      "type": "random_password",
      "name": "lxc_container_password",
      "provider": "provider[\"registry.terraform.io/hashicorp/random\"]",
      "instances": [
        {
          "schema_version": 3,
          "attributes": {
            "bcrypt_hash": "$2a$10$yK5zem6Ae6vE4./DF/3mQOEwuwYgWy3bRBs7FqDksg77E9chts/HG",
            "id": "none",
            "keepers": null,
            "length": 50,
            "lower": true,
            "min_lower": 0,
            "min_numeric": 0,
            "min_special": 0,
            "min_upper": 0,
            "number": true,
            "numeric": true,
            "override_special": "_%@",
            "result": "4Dzbrs8avIQK@VwJJfoU9tiBNeSJMZZ18f@jc6trXIxJU2l0EM",
            "special": true,
            "upper": true
          },
          "sensitive_attributes": [
            [
              {
                "type": "get_attr",
                "value": "bcrypt_hash"
              }
            ],
            [
              {
                "type": "get_attr",
                "value": "result"
              }
            ]
          ],
          "identity_schema_version": 0
        }
      ]
    },
    {
      "module": "module.lxc[\"test_vm\"]",
      "mode": "managed",
      "type": "tls_private_key",
      "name": "lxc_container_key",
      "provider": "provider[\"registry.terraform.io/hashicorp/tls\"]",
      "instances": [
        {
          "schema_version": 1,
          "attributes": {
            "algorithm": "ED25519",
            "ecdsa_curve": "P224",
            "id": "6384cdd5ee27804e16fe4433f4d408d73e409c43",
            "private_key_openssh": "-----BEGIN OPENSSH PRIVATE KEY-----\nb3BlbnNzaC1rZXktdjEAAAAABG5vbmUAAAAEbm9uZQAAAAAAAAABAAAAMwAAAAtz\nc2gtZWQyNTUxOQAAACA9EjseVr7LAEbcHYoROuBsZZta1x4KhV32BLDKk6ch/QAA\nAIhMKClrTCgpawAAAAtzc2gtZWQyNTUxOQAAACA9EjseVr7LAEbcHYoROuBsZZta\n1x4KhV32BLDKk6ch/QAAAECuNliOjOCiQdBS5yDi/g0aoW9bkuZKf6T4UYA2RGXx\nCD0SOx5WvssARtwdihE64Gxlm1rXHgqFXfYEsMqTpyH9AAAAAAECAwQF\n-----END OPENSSH PRIVATE KEY-----\n",
            "private_key_pem": "-----BEGIN PRIVATE KEY-----\nMC4CAQAwBQYDK2VwBCIEIK42WI6M4KJB0FLnIOL+DRqhb1uS5kp/pPhRgDZEZfEI\n-----END PRIVATE KEY-----\n",
            "private_key_pem_pkcs8": "-----BEGIN PRIVATE KEY-----\nMC4CAQAwBQYDK2VwBCIEIK42WI6M4KJB0FLnIOL+DRqhb1uS5kp/pPhRgDZEZfEI\n-----END PRIVATE KEY-----\n",
            "public_key_fingerprint_md5": "64:ca:6d:02:1c:9e:c2:2b:d5:7f:ae:e2:bf:0b:a4:59",
            "public_key_fingerprint_sha256": "SHA256:5TPxZpoCfbY9le13N/6OWm7BdC3s0AtzcUboR3D9Ydk",
            "public_key_openssh": "ssh-ed25519 AAAAC3NzaC1lZDI1NTE5AAAAID0SOx5WvssARtwdihE64Gxlm1rXHgqFXfYEsMqTpyH9\n",
            "public_key_pem": "-----BEGIN PUBLIC KEY-----\nMCowBQYDK2VwAyEAPRI7Hla+ywBG3B2KETrgbGWbWtceCoVd9gSwypOnIf0=\n-----END PUBLIC KEY-----\n",
            "rsa_bits": 2048
          },
          "sensitive_attributes": [
            [
              {
                "type": "get_attr",
                "value": "private_key_openssh"
              }
            ],
            [
              {
                "type": "get_attr",
                "value": "private_key_pem"
              }
            ],
            [
              {
                "type": "get_attr",
                "value": "private_key_pem_pkcs8"
              }
            ]
          ],
          "identity_schema_version": 0
        }
      ]
    }
  ],
  "check_results": null
}
